
Microsoft Visual Studio Solution File, Format Version 12.00
# Visual Studio Version 17
VisualStudioVersion = 17.4.33110.190
MinimumVisualStudioVersion = 10.0.40219.1
Project("{9A19103F-16F7-4668-BE54-9A1E7A4F7556}") = "cleaner", "cleaner.csproj", "{2B9145C0-AE41-45CA-BC0D-2A5945B2B606}"
EndProject
Global
	GlobalSection(SolutionConfigurationPlatforms) = preSolution
		Debug|Any CPU = Debug|Any CPU
		Release|Any CPU = Release|Any CPU
	EndGlobalSection
	GlobalSection(ProjectConfigurationPlatforms) = postSolution
		{2B9145C0-AE41-45CA-BC0D-2A5945B2B606}.Debug|Any CPU.ActiveCfg = Debug|Any CPU
		{2B9145C0-AE41-45CA-BC0D-2A5945B2B606}.Debug|Any CPU.Build.0 = Debug|Any CPU
		{2B9145C0-AE41-45CA-BC0D-2A5945B2B606}.Release|Any CPU.ActiveCfg = Release|Any CPU
		{2B9145C0-AE41-45CA-BC0D-2A5945B2B606}.Release|Any CPU.Build.0 = Release|Any CPU
	EndGlobalSection
	GlobalSection(SolutionProperties) = preSolution
		HideSolutionNode = FALSE
	EndGlobalSection
	GlobalSection(ExtensibilityGlobals) = postSolution
		SolutionGuid = {97929851-DEC5-4033-9964-20D394C1594E}
	EndGlobalSection
EndGlobal
